{
    "_readme": [
        "This file locks the dependencies of your project to a known state",
        "Read more about it at https://getcomposer.org/doc/01-basic-usage.md#composer-lock-the-lock-file",
        "This file is @generated automatically"
    ],
    "content-hash": "5d6fe0206d888de425ae0a82213c29a5",
    "packages": [
        {
            "name": "pimple/pimple",
            "version": "v3.2.3",
            "source": {
                "type": "git",
                "url": "https://github.com/silexphp/Pimple.git",
                "reference": "9e403941ef9d65d20cba7d54e29fe906db42cf32"
            },
            "dist": {
                "type": "zip",
                "url": "https://api.github.com/repos/silexphp/Pimple/zipball/9e403941ef9d65d20cba7d54e29fe906db42cf32",
                "reference": "9e403941ef9d65d20cba7d54e29fe906db42cf32",
                "shasum": ""
            },
            "require": {
                "php": ">=5.3.0",
                "psr/container": "^1.0"
            },
            "require-dev": {
                "symfony/phpunit-bridge": "^3.2"
            },
            "type": "library",
            "extra": {
                "branch-alias": {
                    "dev-master": "3.2.x-dev"
                }
            },
            "autoload": {
                "psr-0": {
                    "Pimple": "src/"
                }
            },
            "notification-url": "https://packagist.org/downloads/",
            "license": [
                "MIT"
            ],
            "authors": [
                {
                    "name": "Fabien Potencier",
                    "email": "fabien@symfony.com"
                }
            ],
            "description": "Pimple, a simple Dependency Injection Container",
            "homepage": "http://pimple.sensiolabs.org",
            "keywords": [
                "container",
                "dependency injection"
            ],
            "time": "2018-01-21T07:42:36+00:00"
        },
        {
            "name": "psr/container",
            "version": "1.0.0",
            "source": {
                "type": "git",
                "url": "https://github.com/php-fig/container.git",
                "reference": "b7ce3b176482dbbc1245ebf52b181af44c2cf55f"
            },
            "dist": {
                "type": "zip",
                "url": "https://api.github.com/repos/php-fig/container/zipball/b7ce3b176482dbbc1245ebf52b181af44c2cf55f",
                "reference": "b7ce3b176482dbbc1245ebf52b181af44c2cf55f",
                "shasum": ""
            },
            "require": {
                "php": ">=5.3.0"
            },
            "type": "library",
            "extra": {
                "branch-alias": {
                    "dev-master": "1.0.x-dev"
                }
            },
            "autoload": {
                "psr-4": {
                    "Psr\\Container\\": "src/"
                }
            },
            "notification-url": "https://packagist.org/downloads/",
            "license": [
                "MIT"
            ],
            "authors": [
                {
                    "name": "PHP-FIG",
                    "homepage": "http://www.php-fig.org/"
                }
            ],
            "description": "Common Container Interface (PHP FIG PSR-11)",
            "homepage": "https://github.com/php-fig/container",
            "keywords": [
                "PSR-11",
                "container",
                "container-interface",
                "container-interop",
                "psr"
            ],
            "time": "2017-02-14T16:28:37+00:00"
        },
        {
            "name": "symfony/console",
            "version": "v4.0.12",
            "source": {
                "type": "git",
                "url": "https://github.com/symfony/console.git",
                "reference": "1cc17d0e1cae585fb136976e1234de9d605e2e53"
            },
            "dist": {
                "type": "zip",
                "url": "https://api.github.com/repos/symfony/console/zipball/1cc17d0e1cae585fb136976e1234de9d605e2e53",
                "reference": "1cc17d0e1cae585fb136976e1234de9d605e2e53",
                "shasum": ""
            },
            "require": {
                "php": "^7.1.3",
                "symfony/polyfill-mbstring": "~1.0"
            },
            "conflict": {
                "symfony/dependency-injection": "<3.4",
                "symfony/process": "<3.3"
            },
            "require-dev": {
                "psr/log": "~1.0",
                "symfony/config": "~3.4|~4.0",
                "symfony/dependency-injection": "~3.4|~4.0",
                "symfony/event-dispatcher": "~3.4|~4.0",
                "symfony/lock": "~3.4|~4.0",
                "symfony/process": "~3.4|~4.0"
            },
            "suggest": {
                "psr/log-implementation": "For using the console logger",
                "symfony/event-dispatcher": "",
                "symfony/lock": "",
                "symfony/process": ""
            },
            "type": "library",
            "extra": {
                "branch-alias": {
                    "dev-master": "4.0-dev"
                }
            },
            "autoload": {
                "psr-4": {
                    "Symfony\\Component\\Console\\": ""
                },
                "exclude-from-classmap": [
                    "/Tests/"
                ]
            },
            "notification-url": "https://packagist.org/downloads/",
            "license": [
                "MIT"
            ],
            "authors": [
                {
                    "name": "Fabien Potencier",
                    "email": "fabien@symfony.com"
                },
                {
                    "name": "Symfony Community",
                    "homepage": "https://symfony.com/contributors"
                }
            ],
            "description": "Symfony Console Component",
            "homepage": "https://symfony.com",
            "time": "2018-05-31T10:16:04+00:00"
        },
        {
            "name": "symfony/polyfill-mbstring",
            "version": "v1.8.0",
            "source": {
                "type": "git",
                "url": "https://github.com/symfony/polyfill-mbstring.git",
                "reference": "3296adf6a6454a050679cde90f95350ad604b171"
            },
            "dist": {
                "type": "zip",
                "url": "https://api.github.com/repos/symfony/polyfill-mbstring/zipball/3296adf6a6454a050679cde90f95350ad604b171",
                "reference": "3296adf6a6454a050679cde90f95350ad604b171",
                "shasum": ""
            },
            "require": {
                "php": ">=5.3.3"
            },
            "suggest": {
                "ext-mbstring": "For best performance"
            },
            "type": "library",
            "extra": {
                "branch-alias": {
                    "dev-master": "1.8-dev"
                }
            },
            "autoload": {
                "psr-4": {
                    "Symfony\\Polyfill\\Mbstring\\": ""
                },
                "files": [
                    "bootstrap.php"
                ]
            },
            "notification-url": "https://packagist.org/downloads/",
            "license": [
                "MIT"
            ],
            "authors": [
                {
                    "name": "Nicolas Grekas",
                    "email": "p@tchwork.com"
                },
                {
                    "name": "Symfony Community",
                    "homepage": "https://symfony.com/contributors"
                }
            ],
            "description": "Symfony polyfill for the Mbstring extension",
            "homepage": "https://symfony.com",
            "keywords": [
                "compatibility",
                "mbstring",
                "polyfill",
                "portable",
                "shim"
            ],
            "time": "2018-04-26T10:06:28+00:00"
        },
        {
            "name": "xervice/config",
            "version": "1.0.0",
            "source": {
                "type": "git",
                "url": "https://github.com/xervice/config.git",
                "reference": "8af94c5b1918a31403d49e23aa1849d465af9a78"
            },
            "dist": {
                "type": "zip",
                "url": "https://api.github.com/repos/xervice/config/zipball/8af94c5b1918a31403d49e23aa1849d465af9a78",
                "reference": "8af94c5b1918a31403d49e23aa1849d465af9a78",
                "shasum": ""
            },
            "require-dev": {
                "codeception/codeception": "*",
                "symfony/var-dumper": "*"
            },
            "type": "library",
            "autoload": {
                "psr-4": {
                    "XerviceTest\\": "tests/Xervice/"
                },
                "psr-0": {
                    "Xervice\\": "src/"
                }
            },
            "notification-url": "https://packagist.org/downloads/",
            "license": [
                "MIT"
            ],
            "authors": [
                {
                    "name": "Mike Bertram",
                    "email": "contact@mibexx.de"
                }
            ],
            "description": "Config environment to xervice components",
            "time": "2018-07-05T08:14:26+00:00"
        },
        {
            "name": "xervice/console",
            "version": "1.0.0",
            "source": {
                "type": "git",
                "url": "https://github.com/xervice/console.git",
                "reference": "99339267476718d75e59ae8f0b04347d8d09ddbc"
            },
            "dist": {
                "type": "zip",
                "url": "https://api.github.com/repos/xervice/console/zipball/99339267476718d75e59ae8f0b04347d8d09ddbc",
                "reference": "99339267476718d75e59ae8f0b04347d8d09ddbc",
                "shasum": ""
            },
            "require": {
                "symfony/console": "4.0.*",
                "xervice/core": "^1.0.0"
            },
            "require-dev": {
                "codeception/codeception": "*",
                "symfony/var-dumper": "*"
            },
            "bin": [
                "bin/xervice"
            ],
            "type": "library",
            "autoload": {
                "psr-4": {
                    "XerviceTest\\": "tests/Xervice"
                },
                "psr-0": {
                    "Xervice\\": "src/"
                }
            },
            "notification-url": "https://packagist.org/downloads/",
            "license": [
                "MIT"
            ],
            "authors": [
                {
                    "name": "Mike Bertram",
                    "email": "contact@mibexx.de"
                }
            ],
            "time": "2018-07-05T08:21:43+00:00"
        },
        {
            "name": "xervice/core",
            "version": "1.0.0",
            "source": {
                "type": "git",
                "url": "https://github.com/xervice/core.git",
                "reference": "db7e6b345f6069e745c28d03ec5a553b7a48c3a6"
            },
            "dist": {
                "type": "zip",
                "url": "https://api.github.com/repos/xervice/core/zipball/db7e6b345f6069e745c28d03ec5a553b7a48c3a6",
                "reference": "db7e6b345f6069e745c28d03ec5a553b7a48c3a6",
                "shasum": ""
            },
            "require": {
                "php": ">=7.1.0",
                "pimple/pimple": "3.2.*",
                "xervice/config": "^1.0.0"
            },
            "require-dev": {
                "codeception/codeception": "*",
                "symfony/var-dumper": "*"
            },
            "type": "library",
            "autoload": {
                "psr-4": {
                    "XerviceTest\\": "src/Xervice"
                },
                "psr-0": {
                    "Test\\": "src/",
                    "Xervice\\": "src/"
                }
            },
            "notification-url": "https://packagist.org/downloads/",
            "license": [
                "MIT"
            ],
            "authors": [
                {
                    "name": "Mike Bertram",
                    "email": "contact@mibexx.de"
                }
            ],
            "description": "Xervice core functionality",
            "time": "2018-07-05T08:19:38+00:00"
        }
    ],
    "packages-dev": [
        {
            "name": "nexusnetsoftgmbh/nexuscli",
            "version": "dev-master",
            "source": {
                "type": "git",
                "url": "https://github.com/nexusnetsoftgmbh/nexuscli.git",
                "reference": "fdad3b2710bb4d23029740486111caf8702cbb36"
            },
            "dist": {
                "type": "zip",
                "url": "https://api.github.com/repos/nexusnetsoftgmbh/nexuscli/zipball/fdad3b2710bb4d23029740486111caf8702cbb36",
                "reference": "fdad3b2710bb4d23029740486111caf8702cbb36",
                "shasum": ""
            },
            "require": {
                "php": ">=7.1.0",
                "xervice/console": "^1.0.0"
            },
            "require-dev": {
                "codeception/codeception": "*",
                "symfony/var-dumper": "*"
            },
            "bin": [
                "bin/nxscli"
            ],
            "type": "library",
            "autoload": {
                "psr-4": {
                    "NexusTest\\": "tests/Nexus/",
                    "DataProvider\\": "src/Generated/"
                },
                "psr-0": {
                    "Nexus\\": "src/"
                }
            },
            "notification-url": "https://packagist.org/downloads/",
            "license": [
                "MIT"
            ],
            "authors": [
                {
                    "name": "Mike Bertram",
                    "email": "bertram@nexus-netsoft.com"
                }
            ],
            "time": "2018-07-05T08:29:30+00:00"
        }
    ],
    "aliases": [],
    "minimum-stability": "dev",
    "stability-flags": {
        "nexusnetsoftgmbh/nexuscli": 20
    },
    "prefer-stable": true,
    "prefer-lowest": false,
    "platform": {
        "php": ">=7.1"
    },
    "platform-dev": [],
    "platform-overrides": {
        "php": "7.1.11"
    }
}
